{
  "version": "5",
  "specifiers": {
    "jsr:@std/assert@1.0.10": "1.0.10",
    "jsr:@std/cli@1.0.9": "1.0.9",
    "jsr:@std/internal@^1.0.5": "1.0.9",
    "jsr:@std/json@^1.0.2": "1.0.2",
    "jsr:@std/jsonc@1": "1.0.2",
    "jsr:@std/path@1.0.8": "1.0.8"
  },
  "jsr": {
    "@std/assert@1.0.10": {
      "integrity": "59b5cbac5bd55459a19045d95cc7c2ff787b4f8527c0dd195078ff6f9481fbb3",
      "dependencies": [
        "jsr:@std/internal"
      ]
    },
    "@std/cli@1.0.9": {
      "integrity": "557e5865af000efbf3f737dcfea5b8ab86453594f4a9cd8d08c9fa83d8e3f3bc"
    },
    "@std/internal@1.0.9": {
      "integrity": "bdfb97f83e4db7a13e8faab26fb1958d1b80cc64366501af78a0aee151696eb8"
    },
    "@std/json@1.0.2": {
      "integrity": "d9e5497801c15fb679f55a2c01c7794ad7a5dfda4dd1bebab5e409cb5e0d34d4"
    },
    "@std/jsonc@1.0.2": {
      "integrity": "909605dae3af22bd75b1cbda8d64a32cf1fd2cf6efa3f9e224aba6d22c0f44c7",
      "dependencies": [
        "jsr:@std/json"
      ]
    },
    "@std/path@1.0.8": {
      "integrity": "548fa456bb6a04d3c1a1e7477986b6cffbce95102d0bb447c67c4ee70e0364be"
    },
    "@std/yaml@1.0.11": {
      "integrity": "bd139ce77f2d06cbed3713c8b26d301d2a2e12ecc7986130a268107e212143ee"
    }
  },
  "remote": {
    "https://deno.land/std@0.224.0/assert/assert.ts": "09d30564c09de846855b7b071e62b5974b001bb72a4b797958fe0660e7849834",
    "https://deno.land/std@0.224.0/assert/assertion_error.ts": "ba8752bd27ebc51f723702fac2f54d3e94447598f54264a6653d6413738a8917",
    "https://deno.land/std@0.224.0/jsonc/mod.ts": "1756f094e00894ec27416b4fcccbcf445e73892a83cf1937de3aad7de2d5da7c",
    "https://deno.land/std@0.224.0/jsonc/parse.ts": "06fbe10f0bb0cba684f7902bf7de5126b16eb0e5a82220c98a4b86675c7f9cff"
  },
  "workspace": {
    "packageJson": {
      "dependencies": [
        "npm:@eslint/js@^9.8.0",
        "npm:@nx/eslint-plugin@22.4.0",
        "npm:@nx/eslint@22.4.0",
        "npm:@nx/jest@22.4.0",
        "npm:@nx/js@22.4.0",
        "npm:@nx/vite@22.4.0",
        "npm:@nx/vitest@22.4.0",
        "npm:@nx/web@22.4.0",
        "npm:@swc-node/register@~1.9.1",
        "npm:@swc/core@~1.5.7",
        "npm:@swc/helpers@~0.5.11",
        "npm:@types/deno@^2.5.0",
        "npm:@types/jest@30",
        "npm:@types/node@20.19.9",
        "npm:@vitest/coverage-v8@4.0.9",
        "npm:@vitest/ui@4.0.9",
        "npm:eslint@8.57",
        "npm:husky@^9.1.7",
        "npm:jest-environment-node@^30.0.2",
        "npm:jest-util@^30.0.2",
        "npm:jest@^30.0.2",
        "npm:jiti@2.4.2",
        "npm:jsonc-eslint-parser@^2.1.0",
        "npm:nx@22.4.0",
        "npm:prettier@~3.6.2",
        "npm:ts-jest@^29.4.0",
        "npm:ts-node@10.9.1",
        "npm:tslib@^2.3.0",
        "npm:typescript-eslint@^8.40.0",
        "npm:typescript@~5.9.2",
        "npm:verdaccio@^6.0.5",
        "npm:vite@7",
        "npm:vitest@4.0.9"
      ]
    },
    "members": {
      "packages/gw-tool": {
        "dependencies": [
          "jsr:@std/assert@1.0.10",
          "jsr:@std/cli@1.0.9",
          "jsr:@std/jsonc@1",
          "jsr:@std/path@1.0.8"
        ]
      }
    }
  }
}
